
Microsoft Visual Studio Solution File, Format Version 12.00
# Visual Studio Version 17
VisualStudioVersion = 17.2.32616.157
MinimumVisualStudioVersion = 10.0.40219.1
Project("{FAE04EC0-301F-11D3-BF4B-00C04F79EFBC}") = "NullAble.Delegate.Exceptions.Tasks", "NullAble.Delegate.Exceptions.Tasks\NullAble.Delegate.Exceptions.Tasks.csproj", "{6E876C50-B592-4640-9229-8284A6436144}"
EndProject
Project("{FAE04EC0-301F-11D3-BF4B-00C04F79EFBC}") = "ServicesLayer", "ServicesLayer\ServicesLayer.csproj", "{A10ABBD2-C845-4172-A448-D9F8423C3479}"
EndProject
Project("{FAE04EC0-301F-11D3-BF4B-00C04F79EFBC}") = "DomainLayer", "DomainLayer\DomainLayer.csproj", "{2AAE2F74-D234-45BF-8A4C-7525566BD49B}"
EndProject
Global
	GlobalSection(SolutionConfigurationPlatforms) = preSolution
		Debug|Any CPU = Debug|Any CPU
		Release|Any CPU = Release|Any CPU
	EndGlobalSection
	GlobalSection(ProjectConfigurationPlatforms) = postSolution
		{6E876C50-B592-4640-9229-8284A6436144}.Debug|Any CPU.ActiveCfg = Debug|Any CPU
		{6E876C50-B592-4640-9229-8284A6436144}.Debug|Any CPU.Build.0 = Debug|Any CPU
		{6E876C50-B592-4640-9229-8284A6436144}.Release|Any CPU.ActiveCfg = Release|Any CPU
		{6E876C50-B592-4640-9229-8284A6436144}.Release|Any CPU.Build.0 = Release|Any CPU
		{A10ABBD2-C845-4172-A448-D9F8423C3479}.Debug|Any CPU.ActiveCfg = Debug|Any CPU
		{A10ABBD2-C845-4172-A448-D9F8423C3479}.Debug|Any CPU.Build.0 = Debug|Any CPU
		{A10ABBD2-C845-4172-A448-D9F8423C3479}.Release|Any CPU.ActiveCfg = Release|Any CPU
		{A10ABBD2-C845-4172-A448-D9F8423C3479}.Release|Any CPU.Build.0 = Release|Any CPU
		{2AAE2F74-D234-45BF-8A4C-7525566BD49B}.Debug|Any CPU.ActiveCfg = Debug|Any CPU
		{2AAE2F74-D234-45BF-8A4C-7525566BD49B}.Debug|Any CPU.Build.0 = Debug|Any CPU
		{2AAE2F74-D234-45BF-8A4C-7525566BD49B}.Release|Any CPU.ActiveCfg = Release|Any CPU
		{2AAE2F74-D234-45BF-8A4C-7525566BD49B}.Release|Any CPU.Build.0 = Release|Any CPU
	EndGlobalSection
	GlobalSection(SolutionProperties) = preSolution
		HideSolutionNode = FALSE
	EndGlobalSection
	GlobalSection(ExtensibilityGlobals) = postSolution
		SolutionGuid = {8DAD1B2E-8B8D-44FC-A25E-FAF8B38DDC2D}
	EndGlobalSection
EndGlobal
